<?xml version="1.0" encoding="utf-8"?>
<Project ToolsVersion="4.0" xmlns="http://schemas.microsoft.com/developer/msbuild/2003">
  <ItemGroup>
    <Filter Include="Framework">
      <UniqueIdentifier>{454c78bd-8f72-4872-8fb4-0f7def928dc6}</UniqueIdentifier>
    </Filter>
    <Filter Include="Gameplay">
      <UniqueIdentifier>{47178faf-87f9-4fe7-afee-13b81707b171}</UniqueIdentifier>
    </Filter>
    <Filter Include="Data">
      <UniqueIdentifier>{b23cac94-af11-45bd-9bfb-5e7f60128ed8}</UniqueIdentifier>
    </Filter>
    <Filter Include="Data\Shaders">
      <UniqueIdentifier>{547b9bda-62d0-4236-b41c-03eb8c8ae9a1}</UniqueIdentifier>
    </Filter>
    <Filter Include="Systems">
      <UniqueIdentifier>{7ea8713d-97be-4a76-a050-057dc68fe69a}</UniqueIdentifier>
    </Filter>
    <Filter Include="Components">
      <UniqueIdentifier>{e042ce2f-ff60-4f42-9f11-dd2209983109}</UniqueIdentifier>
    </Filter>
    <Filter Include="Map">
      <UniqueIdentifier>{56f3754b-1497-46bf-b06e-b3ef857aa11f}</UniqueIdentifier>
    </Filter>
  </ItemGroup>
  <ItemGroup>
    <ClCompile Include="Entity.cpp">
      <Filter>Gameplay</Filter>
    </ClCompile>
    <ClCompile Include="Game.cpp">
      <Filter>Gameplay</Filter>
    </ClCompile>
    <ClCompile Include="App.cpp">
      <Filter>Framework</Filter>
    </ClCompile>
    <ClCompile Include="Main_Windows.cpp">
      <Filter>Framework</Filter>
    </ClCompile>
    <ClCompile Include="GameUtils.cpp">
      <Filter>Framework</Filter>
    </ClCompile>
    <ClCompile Include="Components\Component.cpp">
      <Filter>Components</Filter>
    </ClCompile>
    <ClCompile Include="Components\NameComp.cpp">
      <Filter>Components</Filter>
    </ClCompile>
    <ClCompile Include="Components\PhysicsComp.cpp">
      <Filter>Components</Filter>
    </ClCompile>
    <ClCompile Include="Components\RenderComp.cpp">
      <Filter>Components</Filter>
    </ClCompile>
    <ClCompile Include="Components\TransformComp.cpp">
      <Filter>Components</Filter>
    </ClCompile>
    <ClCompile Include="Components\UIComp.cpp">
      <Filter>Components</Filter>
    </ClCompile>
    <ClCompile Include="Systems\CombatSystem.cpp">
      <Filter>Systems</Filter>
    </ClCompile>
    <ClCompile Include="Systems\QuestSystem.cpp">
      <Filter>Systems</Filter>
    </ClCompile>
    <ClCompile Include="Systems\RenderSystem.cpp">
      <Filter>Systems</Filter>
    </ClCompile>
    <ClCompile Include="Systems\System.cpp">
      <Filter>Systems</Filter>
    </ClCompile>
    <ClCompile Include="Systems\TriggerSystem.cpp">
      <Filter>Systems</Filter>
    </ClCompile>
    <ClCompile Include="Systems\UISystem.cpp">
      <Filter>Systems</Filter>
    </ClCompile>
    <ClCompile Include="Systems\GameInputSystem.cpp">
      <Filter>Systems</Filter>
    </ClCompile>
    <ClCompile Include="Systems\GamePhysicsSystem.cpp">
      <Filter>Systems</Filter>
    </ClCompile>
    <ClCompile Include="Map.cpp">
      <Filter>Map</Filter>
    </ClCompile>
    <ClCompile Include="Tile.cpp">
      <Filter>Map</Filter>
    </ClCompile>
    <ClCompile Include="TileDefinition.cpp">
      <Filter>Map</Filter>
    </ClCompile>
    <ClCompile Include="EntityAdmin.cpp">
      <Filter>Gameplay</Filter>
    </ClCompile>
    <ClCompile Include="Components\InputComp.cpp">
      <Filter>Components</Filter>
    </ClCompile>
    <ClCompile Include="Systems\MovementSystem.cpp">
      <Filter>Systems</Filter>
    </ClCompile>
    <ClCompile Include="Components\QuestCarrierComp.cpp">
      <Filter>Components</Filter>
    </ClCompile>
    <ClCompile Include="Components\QuestGiverComp.cpp">
      <Filter>Components</Filter>
    </ClCompile>
    <ClCompile Include="Components\IntentComp.cpp">
      <Filter>Components</Filter>
    </ClCompile>
    <ClCompile Include="Components\AIComp.cpp">
      <Filter>Components</Filter>
    </ClCompile>
    <ClCompile Include="Components\CameraComp.cpp">
      <Filter>Components</Filter>
    </ClCompile>
    <ClCompile Include="Components\InteractComp.cpp">
      <Filter>Components</Filter>
    </ClCompile>
    <ClCompile Include="Components\AbilityComp.cpp">
      <Filter>Components</Filter>
    </ClCompile>
  </ItemGroup>
  <ItemGroup>
    <ClInclude Include="Entity.hpp">
      <Filter>Gameplay</Filter>
    </ClInclude>
    <ClInclude Include="Game.hpp">
      <Filter>Gameplay</Filter>
    </ClInclude>
    <ClInclude Include="App.hpp">
      <Filter>Framework</Filter>
    </ClInclude>
    <ClInclude Include="GameCommon.hpp">
      <Filter>Framework</Filter>
    </ClInclude>
    <ClInclude Include="GameUtils.hpp">
      <Filter>Framework</Filter>
    </ClInclude>
    <ClInclude Include="EngineBuildPreferences.hpp">
      <Filter>Framework</Filter>
    </ClInclude>
    <ClInclude Include="Components\Component.hpp">
      <Filter>Components</Filter>
    </ClInclude>
    <ClInclude Include="Components\NameComp.hpp">
      <Filter>Components</Filter>
    </ClInclude>
    <ClInclude Include="Components\PhysicsComp.hpp">
      <Filter>Components</Filter>
    </ClInclude>
    <ClInclude Include="Components\RenderComp.hpp">
      <Filter>Components</Filter>
    </ClInclude>
    <ClInclude Include="Components\TransformComp.hpp">
      <Filter>Components</Filter>
    </ClInclude>
    <ClInclude Include="Components\UIComp.hpp">
      <Filter>Components</Filter>
    </ClInclude>
    <ClInclude Include="Systems\CombatSystem.hpp">
      <Filter>Systems</Filter>
    </ClInclude>
    <ClInclude Include="Systems\QuestSystem.hpp">
      <Filter>Systems</Filter>
    </ClInclude>
    <ClInclude Include="Systems\RenderSystem.hpp">
      <Filter>Systems</Filter>
    </ClInclude>
    <ClInclude Include="Systems\System.hpp">
      <Filter>Systems</Filter>
    </ClInclude>
    <ClInclude Include="Systems\TriggerSystem.hpp">
      <Filter>Systems</Filter>
    </ClInclude>
    <ClInclude Include="Systems\UISystem.hpp">
      <Filter>Systems</Filter>
    </ClInclude>
    <ClInclude Include="Systems\GameInputSystem.hpp">
      <Filter>Systems</Filter>
    </ClInclude>
    <ClInclude Include="Systems\GamePhysicsSystem.hpp">
      <Filter>Systems</Filter>
    </ClInclude>
    <ClInclude Include="Map.hpp">
      <Filter>Map</Filter>
    </ClInclude>
    <ClInclude Include="Tile.hpp">
      <Filter>Map</Filter>
    </ClInclude>
    <ClInclude Include="TileDefinition.hpp">
      <Filter>Map</Filter>
    </ClInclude>
    <ClInclude Include="EntityAdmin.hpp">
      <Filter>Gameplay</Filter>
    </ClInclude>
    <ClInclude Include="Components\InputComp.hpp">
      <Filter>Components</Filter>
    </ClInclude>
    <ClInclude Include="Systems\MovementSystem.hpp">
      <Filter>Systems</Filter>
    </ClInclude>
    <ClInclude Include="Components\QuestCarrierComp.hpp">
      <Filter>Components</Filter>
    </ClInclude>
    <ClInclude Include="Components\QuestGiverComp.hpp">
      <Filter>Components</Filter>
    </ClInclude>
    <ClInclude Include="Components\IntentComp.hpp">
      <Filter>Components</Filter>
    </ClInclude>
    <ClInclude Include="Components\AIComp.hpp">
      <Filter>Components</Filter>
    </ClInclude>
    <ClInclude Include="Components\CameraComp.hpp">
      <Filter>Components</Filter>
    </ClInclude>
    <ClInclude Include="Components\InteractComp.hpp">
      <Filter>Components</Filter>
    </ClInclude>
    <ClInclude Include="Components\AbilityComp.hpp">
      <Filter>Components</Filter>
    </ClInclude>
  </ItemGroup>
  <ItemGroup>
    <Xml Include="..\..\Run\Data\GameConfig.xml">
      <Filter>Data</Filter>
    </Xml>
  </ItemGroup>
  <ItemGroup>
    <FxCompile Include="..\..\Run\Data\Shaders\default_unlit.hlsl">
      <Filter>Data\Shaders</Filter>
    </FxCompile>
    <FxCompile Include="..\..\Run\Data\Shaders\nop_color.hlsl">
      <Filter>Data\Shaders</Filter>
    </FxCompile>
    <FxCompile Include="..\..\Run\Data\Shaders\ubo.hlsl">
      <Filter>Data\Shaders</Filter>
    </FxCompile>
    <FxCompile Include="..\..\Run\Data\Shaders\vbo.hlsl">
      <Filter>Data\Shaders</Filter>
    </FxCompile>
  </ItemGroup>
</Project>